// !$*UTF8*$!
{
	archiveVersion = 1;
	classes = {
	};
	objectVersion = 50;
	objects = {

/* Begin PBXBuildFile section */
		BCE8913922BFE736006F2588 /* WalletUIView.swift in Sources */ = {isa = PBXBuildFile; fileRef = BCE8913822BFE736006F2588 /* WalletUIView.swift */; };
		BCE8B4D222BF6E3300855071 /* AppDelegate.swift in Sources */ = {isa = PBXBuildFile; fileRef = BCE8B4D122BF6E3300855071 /* AppDelegate.swift */; };
		BCE8B4D422BF6E3300855071 /* ViewController.swift in Sources */ = {isa = PBXBuildFile; fileRef = BCE8B4D322BF6E3300855071 /* ViewController.swift */; };
		BCE8B4D722BF6E3300855071 /* Main.storyboard in Resources */ = {isa = PBXBuildFile; fileRef = BCE8B4D522BF6E3300855071 /* Main.storyboard */; };
		BCE8B4DA22BF6E3300855071 /* Moneykeeper.xcdatamodeld in Sources */ = {isa = PBXBuildFile; fileRef = BCE8B4D822BF6E3300855071 /* Moneykeeper.xcdatamodeld */; };
		BCE8B4DC22BF6E3500855071 /* Assets.xcassets in Resources */ = {isa = PBXBuildFile; fileRef = BCE8B4DB22BF6E3500855071 /* Assets.xcassets */; };
		BCE8B4DF22BF6E3500855071 /* LaunchScreen.storyboard in Resources */ = {isa = PBXBuildFile; fileRef = BCE8B4DD22BF6E3500855071 /* LaunchScreen.storyboard */; };
		BCE8B4E722BF6F3600855071 /* WalletsViewController.swift in Sources */ = {isa = PBXBuildFile; fileRef = BCE8B4E622BF6F3600855071 /* WalletsViewController.swift */; };
		BCE8B4E922BF6F4F00855071 /* StatisticViewController.swift in Sources */ = {isa = PBXBuildFile; fileRef = BCE8B4E822BF6F4F00855071 /* StatisticViewController.swift */; };
		BCE8B4EB22BF6F6F00855071 /* SettingsViewController.swift in Sources */ = {isa = PBXBuildFile; fileRef = BCE8B4EA22BF6F6F00855071 /* SettingsViewController.swift */; };
/* End PBXBuildFile section */

/* Begin PBXFileReference section */
		BCE8913822BFE736006F2588 /* WalletUIView.swift */ = {isa = PBXFileReference; lastKnownFileType = sourcecode.swift; path = WalletUIView.swift; sourceTree = "<group>"; };
		BCE8B4CE22BF6E3300855071 /* Moneykeeper.app */ = {isa = PBXFileReference; explicitFileType = wrapper.application; includeInIndex = 0; path = Moneykeeper.app; sourceTree = BUILT_PRODUCTS_DIR; };
		BCE8B4D122BF6E3300855071 /* AppDelegate.swift */ = {isa = PBXFileReference; lastKnownFileType = sourcecode.swift; path = AppDelegate.swift; sourceTree = "<group>"; };
		BCE8B4D322BF6E3300855071 /* ViewController.swift */ = {isa = PBXFileReference; lastKnownFileType = sourcecode.swift; path = ViewController.swift; sourceTree = "<group>"; };
		BCE8B4D622BF6E3300855071 /* Base */ = {isa = PBXFileReference; lastKnownFileType = file.storyboard; name = Base; path = Base.lproj/Main.storyboard; sourceTree = "<group>"; };
		BCE8B4D922BF6E3300855071 /* Moneykeeper.xcdatamodel */ = {isa = PBXFileReference; lastKnownFileType = wrapper.xcdatamodel; path = Moneykeeper.xcdatamodel; sourceTree = "<group>"; };
		BCE8B4DB22BF6E3500855071 /* Assets.xcassets */ = {isa = PBXFileReference; lastKnownFileType = folder.assetcatalog; path = Assets.xcassets; sourceTree = "<group>"; };
		BCE8B4DE22BF6E3500855071 /* Base */ = {isa = PBXFileReference; lastKnownFileType = file.storyboard; name = Base; path = Base.lproj/LaunchScreen.storyboard; sourceTree = "<group>"; };
		BCE8B4E022BF6E3500855071 /* Info.plist */ = {isa = PBXFileReference; lastKnownFileType = text.plist.xml; path = Info.plist; sourceTree = "<group>"; };
		BCE8B4E622BF6F3600855071 /* WalletsViewController.swift */ = {isa = PBXFileReference; lastKnownFileType = sourcecode.swift; path = WalletsViewController.swift; sourceTree = "<group>"; };
		BCE8B4E822BF6F4F00855071 /* StatisticViewController.swift */ = {isa = PBXFileReference; lastKnownFileType = sourcecode.swift; path = StatisticViewController.swift; sourceTree = "<group>"; };
		BCE8B4EA22BF6F6F00855071 /* SettingsViewController.swift */ = {isa = PBXFileReference; lastKnownFileType = sourcecode.swift; path = SettingsViewController.swift; sourceTree = "<group>"; };
/* End PBXFileReference section */

/* Begin PBXFrameworksBuildPhase section */
		BCE8B4CB22BF6E3300855071 /* Frameworks */ = {
			isa = PBXFrameworksBuildPhase;
			buildActionMask = 2147483647;
			files = (
			);
			runOnlyForDeploymentPostprocessing = 0;
		};
/* End PBXFrameworksBuildPhase section */

/* Begin PBXGroup section */
		BCE8B4C522BF6E3300855071 = {
			isa = PBXGroup;
			children = (
				BCE8B4D022BF6E3300855071 /* Moneykeeper */,
				BCE8B4CF22BF6E3300855071 /* Products */,
			);
			sourceTree = "<group>";
		};
		BCE8B4CF22BF6E3300855071 /* Products */ = {
			isa = PBXGroup;
			children = (
				BCE8B4CE22BF6E3300855071 /* Moneykeeper.app */,
			);
			name = Products;
			sourceTree = "<group>";
		};
		BCE8B4D022BF6E3300855071 /* Moneykeeper */ = {
			isa = PBXGroup;
			children = (
				BCE8B4D122BF6E3300855071 /* AppDelegate.swift */,
				BCE8B4D322BF6E3300855071 /* ViewController.swift */,
				BCE8B4EE22BF6F9100855071 /* Models */,
				BCE8B4ED22BF6F8500855071 /* Views */,
				BCE8B4EC22BF6F7A00855071 /* Controllers */,
				BCE8B4DB22BF6E3500855071 /* Assets.xcassets */,
				BCE8B4DD22BF6E3500855071 /* LaunchScreen.storyboard */,
				BCE8B4E022BF6E3500855071 /* Info.plist */,
				BCE8B4D822BF6E3300855071 /* Moneykeeper.xcdatamodeld */,
			);
			path = Moneykeeper;
			sourceTree = "<group>";
		};
		BCE8B4EC22BF6F7A00855071 /* Controllers */ = {
			isa = PBXGroup;
			children = (
				BCE8B4E622BF6F3600855071 /* WalletsViewController.swift */,
				BCE8B4E822BF6F4F00855071 /* StatisticViewController.swift */,
				BCE8B4EA22BF6F6F00855071 /* SettingsViewController.swift */,
				BCE8913822BFE736006F2588 /* WalletUIView.swift */,
			);
			path = Controllers;
			sourceTree = "<group>";
		};
		BCE8B4ED22BF6F8500855071 /* Views */ = {
			isa = PBXGroup;
			children = (
				BCE8B4D522BF6E3300855071 /* Main.storyboard */,
			);
			path = Views;
			sourceTree = "<group>";
		};
		BCE8B4EE22BF6F9100855071 /* Models */ = {
			isa = PBXGroup;
			children = (
			);
			path = Models;
			sourceTree = "<group>";
		};
/* End PBXGroup section */

/* Begin PBXNativeTarget section */
		BCE8B4CD22BF6E3300855071 /* Moneykeeper */ = {
			isa = PBXNativeTarget;
			buildConfigurationList = BCE8B4E322BF6E3500855071 /* Build configuration list for PBXNativeTarget "Moneykeeper" */;
			buildPhases = (
				BCE8B4CA22BF6E3300855071 /* Sources */,
				BCE8B4CB22BF6E3300855071 /* Frameworks */,
				BCE8B4CC22BF6E3300855071 /* Resources */,
			);
			buildRules = (
			);
			dependencies = (
			);
			name = Moneykeeper;
			productName = Moneykeeper;
			productReference = BCE8B4CE22BF6E3300855071 /* Moneykeeper.app */;
			productType = "com.apple.product-type.application";
		};
/* End PBXNativeTarget section */

/* Begin PBXProject section */
		BCE8B4C622BF6E3300855071 /* Project object */ = {
			isa = PBXProject;
			attributes = {
				KnownAssetTags = (
					test,
				);
				LastSwiftUpdateCheck = 1020;
				LastUpgradeCheck = 1020;
				ORGANIZATIONNAME = "Sashko Shel";
				TargetAttributes = {
					BCE8B4CD22BF6E3300855071 = {
						CreatedOnToolsVersion = 10.2.1;
					};
				};
			};
			buildConfigurationList = BCE8B4C922BF6E3300855071 /* Build configuration list for PBXProject "Moneykeeper" */;
			compatibilityVersion = "Xcode 9.3";
			developmentRegion = en;
			hasScannedForEncodings = 0;
			knownRegions = (
				en,
				Base,
			);
			mainGroup = BCE8B4C522BF6E3300855071;
			productRefGroup = BCE8B4CF22BF6E3300855071 /* Products */;
			projectDirPath = "";
			projectRoot = "";
			targets = (
				BCE8B4CD22BF6E3300855071 /* Moneykeeper */,
			);
		};
/* End PBXProject section */

/* Begin PBXResourcesBuildPhase section */
		BCE8B4CC22BF6E3300855071 /* Resources */ = {
			isa = PBXResourcesBuildPhase;
			buildActionMask = 2147483647;
			files = (
				BCE8B4DF22BF6E3500855071 /* LaunchScreen.storyboard in Resources */,
				BCE8B4DC22BF6E3500855071 /* Assets.xcassets in Resources */,
				BCE8B4D722BF6E3300855071 /* Main.storyboard in Resources */,
			);
			runOnlyForDeploymentPostprocessing = 0;
		};
/* End PBXResourcesBuildPhase section */

/* Begin PBXSourcesBuildPhase section */
		BCE8B4CA22BF6E3300855071 /* Sources */ = {
			isa = PBXSourcesBuildPhase;
			buildActionMask = 2147483647;
			files = (
				BCE8B4DA22BF6E3300855071 /* Moneykeeper.xcdatamodeld in Sources */,
				BCE8913922BFE736006F2588 /* WalletUIView.swift in Sources */,
				BCE8B4E722BF6F3600855071 /* WalletsViewController.swift in Sources */,
				BCE8B4D422BF6E3300855071 /* ViewController.swift in Sources */,
				BCE8B4E922BF6F4F00855071 /* StatisticViewController.swift in Sources */,
				BCE8B4D222BF6E3300855071 /* AppDelegate.swift in Sources */,
				BCE8B4EB22BF6F6F00855071 /* SettingsViewController.swift in Sources */,
			);
			runOnlyForDeploymentPostprocessing = 0;
		};
/* End PBXSourcesBuildPhase section */

/* Begin PBXVariantGroup section */
		BCE8B4D522BF6E3300855071 /* Main.storyboard */ = {
			isa = PBXVariantGroup;
			children = (
				BCE8B4D622BF6E3300855071 /* Base */,
			);
			name = Main.storyboard;
			sourceTree = "<group>";
		};
		BCE8B4DD22BF6E3500855071 /* LaunchScreen.storyboard */ = {
			isa = PBXVariantGroup;
			children = (
				BCE8B4DE22BF6E3500855071 /* Base */,
			);
			name = LaunchScreen.storyboard;
			sourceTree = "<group>";
		};
/* End PBXVariantGroup section */

/* Begin XCBuildConfiguration section */
		BCE8B4E122BF6E3500855071 /* Debug */ = {
			isa = XCBuildConfiguration;
			buildSettings = {
				ALWAYS_SEARCH_USER_PATHS = NO;
				CLANG_ANALYZER_NONNULL = YES;
				CLANG_ANALYZER_NUMBER_OBJECT_CONVERSION = YES_AGGRESSIVE;
				CLANG_CXX_LANGUAGE_STANDARD = "gnu++14";
				CLANG_CXX_LIBRARY = "libc++";
				CLANG_ENABLE_MODULES = YES;
				CLANG_ENABLE_OBJC_ARC = YES;
				CLANG_ENABLE_OBJC_WEAK = YES;
				CLANG_WARN_BLOCK_CAPTURE_AUTORELEASING = YES;
				CLANG_WARN_BOOL_CONVERSION = YES;
				CLANG_WARN_COMMA = YES;
				CLANG_WARN_CONSTANT_CONVERSION = YES;
				CLANG_WARN_DEPRECATED_OBJC_IMPLEMENTATIONS = YES;
				CLANG_WARN_DIRECT_OBJC_ISA_USAGE = YES_ERROR;
				CLANG_WARN_DOCUMENTATION_COMMENTS = YES;
				CLANG_WARN_EMPTY_BODY = YES;
				CLANG_WARN_ENUM_CONVERSION = YES;
				CLANG_WARN_INFINITE_RECURSION = YES;
				CLANG_WARN_INT_CONVERSION = YES;
				CLANG_WARN_NON_LITERAL_NULL_CONVERSION = YES;
				CLANG_WARN_OBJC_IMPLICIT_RETAIN_SELF = YES;
				CLANG_WARN_OBJC_LITERAL_CONVERSION = YES;
				CLANG_WARN_OBJC_ROOT_CLASS = YES_ERROR;
				CLANG_WARN_RANGE_LOOP_ANALYSIS = YES;
				CLANG_WARN_STRICT_PROTOTYPES = YES;
				CLANG_WARN_SUSPICIOUS_MOVE = YES;
				CLANG_WARN_UNGUARDED_AVAILABILITY = YES_AGGRESSIVE;
				CLANG_WARN_UNREACHABLE_CODE = YES;
				CLANG_WARN__DUPLICATE_METHOD_MATCH = YES;
				CODE_SIGN_IDENTITY = "iPhone Developer";
				COPY_PHASE_STRIP = NO;
				DEBUG_INFORMATION_FORMAT = dwarf;
				ENABLE_STRICT_OBJC_MSGSEND = YES;
				ENABLE_TESTABILITY = YES;
				GCC_C_LANGUAGE_STANDARD = gnu11;
				GCC_DYNAMIC_NO_PIC = NO;
				GCC_NO_COMMON_BLOCKS = YES;
				GCC_OPTIMIZATION_LEVEL = 0;
				GCC_PREPROCESSOR_DEFINITIONS = (
					"DEBUG=1",
					"$(inherited)",
				);
				GCC_WARN_64_TO_32_BIT_CONVERSION = YES;
				GCC_WARN_ABOUT_RETURN_TYPE = YES_ERROR;
				GCC_WARN_UNDECLARED_SELECTOR = YES;
				GCC_WARN_UNINITIALIZED_AUTOS = YES_AGGRESSIVE;
				GCC_WARN_UNUSED_FUNCTION = YES;
				GCC_WARN_UNUSED_VARIABLE = YES;
				IPHONEOS_DEPLOYMENT_TARGET = 12.2;
				MTL_ENABLE_DEBUG_INFO = INCLUDE_SOURCE;
				MTL_FAST_MATH = YES;
				ONLY_ACTIVE_ARCH = YES;
				SDKROOT = iphoneos;
				SWIFT_ACTIVE_COMPILATION_CONDITIONS = DEBUG;
				SWIFT_OPTIMIZATION_LEVEL = "-Onone";
			};
			name = Debug;
		};
		BCE8B4E222BF6E3500855071 /* Release */ = {
			isa = XCBuildConfiguration;
			buildSettings = {
				ALWAYS_SEARCH_USER_PATHS = NO;
				CLANG_ANALYZER_NONNULL = YES;
				CLANG_ANALYZER_NUMBER_OBJECT_CONVERSION = YES_AGGRESSIVE;
				CLANG_CXX_LANGUAGE_STANDARD = "gnu++14";
				CLANG_CXX_LIBRARY = "libc++";
				CLANG_ENABLE_MODULES = YES;
				CLANG_ENABLE_OBJC_ARC = YES;
				CLANG_ENABLE_OBJC_WEAK = YES;
				CLANG_WARN_BLOCK_CAPTURE_AUTORELEASING = YES;
				CLANG_WARN_BOOL_CONVERSION = YES;
				CLANG_WARN_COMMA = YES;
				CLANG_WARN_CONSTANT_CONVERSION = YES;
				CLANG_WARN_DEPRECATED_OBJC_IMPLEMENTATIONS = YES;
				CLANG_WARN_DIRECT_OBJC_ISA_USAGE = YES_ERROR;
				CLANG_WARN_DOCUMENTATION_COMMENTS = YES;
				CLANG_WARN_EMPTY_BODY = YES;
				CLANG_WARN_ENUM_CONVERSION = YES;
				CLANG_WARN_INFINITE_RECURSION = YES;
				CLANG_WARN_INT_CONVERSION = YES;
				CLANG_WARN_NON_LITERAL_NULL_CONVERSION = YES;
				CLANG_WARN_OBJC_IMPLICIT_RETAIN_SELF = YES;
				CLANG_WARN_OBJC_LITERAL_CONVERSION = YES;
				CLANG_WARN_OBJC_ROOT_CLASS = YES_ERROR;
				CLANG_WARN_RANGE_LOOP_ANALYSIS = YES;
				CLANG_WARN_STRICT_PROTOTYPES = YES;
				CLANG_WARN_SUSPICIOUS_MOVE = YES;
				CLANG_WARN_UNGUARDED_AVAILABILITY = YES_AGGRESSIVE;
				CLANG_WARN_UNREACHABLE_CODE = YES;
				CLANG_WARN__DUPLICATE_METHOD_MATCH = YES;
				CODE_SIGN_IDENTITY = "iPhone Developer";
				COPY_PHASE_STRIP = NO;
				DEBUG_INFORMATION_FORMAT = "dwarf-with-dsym";
				ENABLE_NS_ASSERTIONS = NO;
				ENABLE_STRICT_OBJC_MSGSEND = YES;
				GCC_C_LANGUAGE_STANDARD = gnu11;
				GCC_NO_COMMON_BLOCKS = YES;
				GCC_WARN_64_TO_32_BIT_CONVERSION = YES;
				GCC_WARN_ABOUT_RETURN_TYPE = YES_ERROR;
				GCC_WARN_UNDECLARED_SELECTOR = YES;
				GCC_WARN_UNINITIALIZED_AUTOS = YES_AGGRESSIVE;
				GCC_WARN_UNUSED_FUNCTION = YES;
				GCC_WARN_UNUSED_VARIABLE = YES;
				IPHONEOS_DEPLOYMENT_TARGET = 12.2;
				MTL_ENABLE_DEBUG_INFO = NO;
				MTL_FAST_MATH = YES;
				SDKROOT = iphoneos;
				SWIFT_COMPILATION_MODE = wholemodule;
				SWIFT_OPTIMIZATION_LEVEL = "-O";
				VALIDATE_PRODUCT = YES;
			};
			name = Release;
		};
		BCE8B4E422BF6E3500855071 /* Debug */ = {
			isa = XCBuildConfiguration;
			buildSettings = {
				ASSETCATALOG_COMPILER_APPICON_NAME = AppIcon;
				CODE_SIGN_STYLE = Automatic;
				DEVELOPMENT_TEAM = 982G9U8P5U;
				INFOPLIST_FILE = Moneykeeper/Info.plist;
				LD_RUNPATH_SEARCH_PATHS = (
					"$(inherited)",
					"@executable_path/Frameworks",
				);
				PRODUCT_BUNDLE_IDENTIFIER = com.SashkoShel.Moneykeeper;
				PRODUCT_NAME = "$(TARGET_NAME)";
				SWIFT_VERSION = 5.0;
				TARGETED_DEVICE_FAMILY = "1,2";
			};
			name = Debug;
		};
		BCE8B4E522BF6E3500855071 /* Release */ = {
			isa = XCBuildConfiguration;
			buildSettings = {
				ASSETCATALOG_COMPILER_APPICON_NAME = AppIcon;
				CODE_SIGN_STYLE = Automatic;
				DEVELOPMENT_TEAM = 982G9U8P5U;
				INFOPLIST_FILE = Moneykeeper/Info.plist;
				LD_RUNPATH_SEARCH_PATHS = (
					"$(inherited)",
					"@executable_path/Frameworks",
				);
				PRODUCT_BUNDLE_IDENTIFIER = com.SashkoShel.Moneykeeper;
				PRODUCT_NAME = "$(TARGET_NAME)";
				SWIFT_VERSION = 5.0;
				TARGETED_DEVICE_FAMILY = "1,2";
			};
			name = Release;
		};
/* End XCBuildConfiguration section */

/* Begin XCConfigurationList section */
		BCE8B4C922BF6E3300855071 /* Build configuration list for PBXProject "Moneykeeper" */ = {
			isa = XCConfigurationList;
			buildConfigurations = (
				BCE8B4E122BF6E3500855071 /* Debug */,
				BCE8B4E222BF6E3500855071 /* Release */,
			);
			defaultConfigurationIsVisible = 0;
			defaultConfigurationName = Release;
		};
		BCE8B4E322BF6E3500855071 /* Build configuration list for PBXNativeTarget "Moneykeeper" */ = {
			isa = XCConfigurationList;
			buildConfigurations = (
				BCE8B4E422BF6E3500855071 /* Debug */,
				BCE8B4E522BF6E3500855071 /* Release */,
			);
			defaultConfigurationIsVisible = 0;
			defaultConfigurationName = Release;
		};
/* End XCConfigurationList section */

/* Begin XCVersionGroup section */
		BCE8B4D822BF6E3300855071 /* Moneykeeper.xcdatamodeld */ = {
			isa = XCVersionGroup;
			children = (
				BCE8B4D922BF6E3300855071 /* Moneykeeper.xcdatamodel */,
			);
			currentVersion = BCE8B4D922BF6E3300855071 /* Moneykeeper.xcdatamodel */;
			path = Moneykeeper.xcdatamodeld;
			sourceTree = "<group>";
			versionGroupType = wrapper.xcdatamodel;
		};
/* End XCVersionGroup section */
	};
	rootObject = BCE8B4C622BF6E3300855071 /* Project object */;
}
